
Microsoft Visual Studio Solution File, Format Version 12.00
# Visual Studio 15
VisualStudioVersion = 15.0.28307.757
MinimumVisualStudioVersion = 10.0.40219.1
Project("{FAE04EC0-301F-11D3-BF4B-00C04F79EFBC}") = "Exam.API", "Exam.API\Exam.API.csproj", "{CF922780-2198-475E-AB5B-19C9283AC07E}"
EndProject
Global
	GlobalSection(SolutionConfigurationPlatforms) = preSolution
		Debug|Any CPU = Debug|Any CPU
		Release|Any CPU = Release|Any CPU
	EndGlobalSection
	GlobalSection(ProjectConfigurationPlatforms) = postSolution
		{CF922780-2198-475E-AB5B-19C9283AC07E}.Debug|Any CPU.ActiveCfg = Debug|Any CPU
		{CF922780-2198-475E-AB5B-19C9283AC07E}.Debug|Any CPU.Build.0 = Debug|Any CPU
		{CF922780-2198-475E-AB5B-19C9283AC07E}.Release|Any CPU.ActiveCfg = Release|Any CPU
		{CF922780-2198-475E-AB5B-19C9283AC07E}.Release|Any CPU.Build.0 = Release|Any CPU
	EndGlobalSection
	GlobalSection(SolutionProperties) = preSolution
		HideSolutionNode = FALSE
	EndGlobalSection
	GlobalSection(ExtensibilityGlobals) = postSolution
		SolutionGuid = {E58C5975-09E3-421A-9B65-7DC7C75F21B5}
	EndGlobalSection
EndGlobal
