
Microsoft Visual Studio Solution File, Format Version 12.00
# Visual Studio 15
VisualStudioVersion = 15.0.28307.572
MinimumVisualStudioVersion = 10.0.40219.1
Project("{FAE04EC0-301F-11D3-BF4B-00C04F79EFBC}") = "WebApplication4", "WebApplication4\WebApplication4.csproj", "{70455AC9-3C56-4E5B-AB87-5A831E98886F}"
EndProject
Global
	GlobalSection(SolutionConfigurationPlatforms) = preSolution
		Debug|Any CPU = Debug|Any CPU
		Release|Any CPU = Release|Any CPU
	EndGlobalSection
	GlobalSection(ProjectConfigurationPlatforms) = postSolution
		{70455AC9-3C56-4E5B-AB87-5A831E98886F}.Debug|Any CPU.ActiveCfg = Debug|Any CPU
		{70455AC9-3C56-4E5B-AB87-5A831E98886F}.Debug|Any CPU.Build.0 = Debug|Any CPU
		{70455AC9-3C56-4E5B-AB87-5A831E98886F}.Release|Any CPU.ActiveCfg = Release|Any CPU
		{70455AC9-3C56-4E5B-AB87-5A831E98886F}.Release|Any CPU.Build.0 = Release|Any CPU
	EndGlobalSection
	GlobalSection(SolutionProperties) = preSolution
		HideSolutionNode = FALSE
	EndGlobalSection
	GlobalSection(ExtensibilityGlobals) = postSolution
		SolutionGuid = {23301BA2-03CD-40DF-AE42-6718C2DC7F1C}
	EndGlobalSection
EndGlobal
