
Microsoft Visual Studio Solution File, Format Version 12.00
# Visual Studio 15
VisualStudioVersion = 15.0.28307.757
MinimumVisualStudioVersion = 10.0.40219.1
Project("{9A19103F-16F7-4668-BE54-9A1E7A4F7556}") = "Exam.MVC", "Exam.MVC\Exam.MVC.csproj", "{670A7C27-7FFB-4FE0-82DD-B5439A85D940}"
EndProject
Global
	GlobalSection(SolutionConfigurationPlatforms) = preSolution
		Debug|Any CPU = Debug|Any CPU
		Release|Any CPU = Release|Any CPU
	EndGlobalSection
	GlobalSection(ProjectConfigurationPlatforms) = postSolution
		{670A7C27-7FFB-4FE0-82DD-B5439A85D940}.Debug|Any CPU.ActiveCfg = Debug|Any CPU
		{670A7C27-7FFB-4FE0-82DD-B5439A85D940}.Debug|Any CPU.Build.0 = Debug|Any CPU
		{670A7C27-7FFB-4FE0-82DD-B5439A85D940}.Release|Any CPU.ActiveCfg = Release|Any CPU
		{670A7C27-7FFB-4FE0-82DD-B5439A85D940}.Release|Any CPU.Build.0 = Release|Any CPU
	EndGlobalSection
	GlobalSection(SolutionProperties) = preSolution
		HideSolutionNode = FALSE
	EndGlobalSection
	GlobalSection(ExtensibilityGlobals) = postSolution
		SolutionGuid = {FD67AE5F-D25C-47D4-BC66-845A36594735}
	EndGlobalSection
EndGlobal
