
Microsoft Visual Studio Solution File, Format Version 12.00
# Visual Studio 15
VisualStudioVersion = 15.0.28307.572
MinimumVisualStudioVersion = 10.0.40219.1
Project("{FAE04EC0-301F-11D3-BF4B-00C04F79EFBC}") = "JwtFinalQuiz", "JwtFinalQuiz\JwtFinalQuiz.csproj", "{9C85B933-CB9E-4920-B561-292837848FF4}"
EndProject
Global
	GlobalSection(SolutionConfigurationPlatforms) = preSolution
		Debug|Any CPU = Debug|Any CPU
		Release|Any CPU = Release|Any CPU
	EndGlobalSection
	GlobalSection(ProjectConfigurationPlatforms) = postSolution
		{9C85B933-CB9E-4920-B561-292837848FF4}.Debug|Any CPU.ActiveCfg = Debug|Any CPU
		{9C85B933-CB9E-4920-B561-292837848FF4}.Debug|Any CPU.Build.0 = Debug|Any CPU
		{9C85B933-CB9E-4920-B561-292837848FF4}.Release|Any CPU.ActiveCfg = Release|Any CPU
		{9C85B933-CB9E-4920-B561-292837848FF4}.Release|Any CPU.Build.0 = Release|Any CPU
	EndGlobalSection
	GlobalSection(SolutionProperties) = preSolution
		HideSolutionNode = FALSE
	EndGlobalSection
	GlobalSection(ExtensibilityGlobals) = postSolution
		SolutionGuid = {BAF35F03-B200-4368-88A2-B172259C380C}
	EndGlobalSection
EndGlobal
